{
  "name": "sample_app",
  "version": "1.0.0",
  "lockfileVersion": 3,
  "requires": true,
  "packages": {
    "": {
      "name": "sample_app",
      "version": "1.0.0",
      "dependencies": {
        "@rails/ujs": "^7.1.2"
      }
    },
    "node_modules/@rails/ujs": {
      "version": "7.1.2",
      "resolved": "https://registry.npmjs.org/@rails/ujs/-/ujs-7.1.2.tgz",
      "integrity": "sha512-c5x02djEKEVVE4qfN4XgElJS4biM0xxtIVpcJ0ZHLK116U19rowTtmD0AJ/RCb3Xaewa4GPIWLlwgeC0dCQqzw=="
    }
  }
}
